
Microsoft Visual Studio Solution File, Format Version 12.00
# Visual Studio Version 17
VisualStudioVersion = 17.9.34622.214
MinimumVisualStudioVersion = 10.0.40219.1
Project("{8BC9CEB8-8B4A-11D0-8D11-00A0C91BC942}") = "Priority Queue", "Priority Queue.vcxproj", "{05ECE357-8953-4151-BD9A-277B53D1E38B}"
EndProject
Global
	GlobalSection(SolutionConfigurationPlatforms) = preSolution
		Debug|x64 = Debug|x64
		Debug|x86 = Debug|x86
		Release|x64 = Release|x64
		Release|x86 = Release|x86
	EndGlobalSection
	GlobalSection(ProjectConfigurationPlatforms) = postSolution
		{05ECE357-8953-4151-BD9A-277B53D1E38B}.Debug|x64.ActiveCfg = Debug|x64
		{05ECE357-8953-4151-BD9A-277B53D1E38B}.Debug|x64.Build.0 = Debug|x64
		{05ECE357-8953-4151-BD9A-277B53D1E38B}.Debug|x86.ActiveCfg = Debug|Win32
		{05ECE357-8953-4151-BD9A-277B53D1E38B}.Debug|x86.Build.0 = Debug|Win32
		{05ECE357-8953-4151-BD9A-277B53D1E38B}.Release|x64.ActiveCfg = Release|x64
		{05ECE357-8953-4151-BD9A-277B53D1E38B}.Release|x64.Build.0 = Release|x64
		{05ECE357-8953-4151-BD9A-277B53D1E38B}.Release|x86.ActiveCfg = Release|Win32
		{05ECE357-8953-4151-BD9A-277B53D1E38B}.Release|x86.Build.0 = Release|Win32
	EndGlobalSection
	GlobalSection(SolutionProperties) = preSolution
		HideSolutionNode = FALSE
	EndGlobalSection
	GlobalSection(ExtensibilityGlobals) = postSolution
		SolutionGuid = {691FED78-D899-4B98-AD4D-A90D857CB149}
	EndGlobalSection
EndGlobal
